{
  "originHash" : "442ff3c81e40277f9e3d6a697c8ecc73d432ea5194b48e01f8a09458b75fa6bb",
  "pins" : [
    {
      "identity" : "duckdb-swift",
      "kind" : "remoteSourceControl",
      "location" : "https://github.com/duckdb/duckdb-swift",
      "state" : {
        "revision" : "9583f44fedc20a8e0b6151d2e43f6d850016712f",
        "version" : "1.1.3"
      }
    }
  ],
  "version" : 3
}
